
Microsoft Visual Studio Solution File, Format Version 12.00
# Visual Studio Version 16
VisualStudioVersion = 16.0.31025.194
MinimumVisualStudioVersion = 10.0.40219.1
Project("{FAE04EC0-301F-11D3-BF4B-00C04F79EFBC}") = "ManytoMany_Assignment10", "ManytoMany_Assignment10.csproj", "{A059C8D5-398D-4C03-8E84-FBFC62058E23}"
EndProject
Global
	GlobalSection(SolutionConfigurationPlatforms) = preSolution
		Debug|Any CPU = Debug|Any CPU
		Release|Any CPU = Release|Any CPU
	EndGlobalSection
	GlobalSection(ProjectConfigurationPlatforms) = postSolution
		{A059C8D5-398D-4C03-8E84-FBFC62058E23}.Debug|Any CPU.ActiveCfg = Debug|Any CPU
		{A059C8D5-398D-4C03-8E84-FBFC62058E23}.Debug|Any CPU.Build.0 = Debug|Any CPU
		{A059C8D5-398D-4C03-8E84-FBFC62058E23}.Release|Any CPU.ActiveCfg = Release|Any CPU
		{A059C8D5-398D-4C03-8E84-FBFC62058E23}.Release|Any CPU.Build.0 = Release|Any CPU
	EndGlobalSection
	GlobalSection(SolutionProperties) = preSolution
		HideSolutionNode = FALSE
	EndGlobalSection
	GlobalSection(ExtensibilityGlobals) = postSolution
		SolutionGuid = {BA2E6B5D-FF26-45DD-A20C-157ECE3FC0DD}
	EndGlobalSection
EndGlobal
